// !$*UTF8*$!
{
	archiveVersion = 1;
	classes = {
	};
	objectVersion = 46;
	objects = {

/* Begin PBXBuildFile section */
		846336081A0082710022FD39 /* main.m in Sources */ = {isa = PBXBuildFile; fileRef = 846336071A0082710022FD39 /* main.m */; };
		8463360B1A0082710022FD39 /* AppDelegate.m in Sources */ = {isa = PBXBuildFile; fileRef = 8463360A1A0082710022FD39 /* AppDelegate.m */; };
		8463360E1A0082710022FD39 /* FirstViewController.m in Sources */ = {isa = PBXBuildFile; fileRef = 8463360D1A0082710022FD39 /* FirstViewController.m */; };
		846336111A0082710022FD39 /* SecondViewController.m in Sources */ = {isa = PBXBuildFile; fileRef = 846336101A0082710022FD39 /* SecondViewController.m */; };
		846336141A0082710022FD39 /* Main.storyboard in Resources */ = {isa = PBXBuildFile; fileRef = 846336121A0082710022FD39 /* Main.storyboard */; };
		846336161A0082710022FD39 /* Images.xcassets in Resources */ = {isa = PBXBuildFile; fileRef = 846336151A0082710022FD39 /* Images.xcassets */; };
		846336191A0082710022FD39 /* LaunchScreen.xib in Resources */ = {isa = PBXBuildFile; fileRef = 846336171A0082710022FD39 /* LaunchScreen.xib */; };
		846336251A0082710022FD39 /* customerDataTests.m in Sources */ = {isa = PBXBuildFile; fileRef = 846336241A0082710022FD39 /* customerDataTests.m */; };
/* End PBXBuildFile section */

/* Begin PBXContainerItemProxy section */
		8463361F1A0082710022FD39 /* PBXContainerItemProxy */ = {
			isa = PBXContainerItemProxy;
			containerPortal = 846335FA1A0082710022FD39 /* Project object */;
			proxyType = 1;
			remoteGlobalIDString = 846336011A0082710022FD39;
			remoteInfo = customerData;
		};
/* End PBXContainerItemProxy section */

/* Begin PBXFileReference section */
		846336021A0082710022FD39 /* customerData.app */ = {isa = PBXFileReference; explicitFileType = wrapper.application; includeInIndex = 0; path = customerData.app; sourceTree = BUILT_PRODUCTS_DIR; };
		846336061A0082710022FD39 /* Info.plist */ = {isa = PBXFileReference; lastKnownFileType = text.plist.xml; path = Info.plist; sourceTree = "<group>"; };
		846336071A0082710022FD39 /* main.m */ = {isa = PBXFileReference; lastKnownFileType = sourcecode.c.objc; path = main.m; sourceTree = "<group>"; };
		846336091A0082710022FD39 /* AppDelegate.h */ = {isa = PBXFileReference; lastKnownFileType = sourcecode.c.h; path = AppDelegate.h; sourceTree = "<group>"; };
		8463360A1A0082710022FD39 /* AppDelegate.m */ = {isa = PBXFileReference; lastKnownFileType = sourcecode.c.objc; path = AppDelegate.m; sourceTree = "<group>"; };
		8463360C1A0082710022FD39 /* FirstViewController.h */ = {isa = PBXFileReference; lastKnownFileType = sourcecode.c.h; path = FirstViewController.h; sourceTree = "<group>"; };
		8463360D1A0082710022FD39 /* FirstViewController.m */ = {isa = PBXFileReference; lastKnownFileType = sourcecode.c.objc; path = FirstViewController.m; sourceTree = "<group>"; };
		8463360F1A0082710022FD39 /* SecondViewController.h */ = {isa = PBXFileReference; lastKnownFileType = sourcecode.c.h; path = SecondViewController.h; sourceTree = "<group>"; };
		846336101A0082710022FD39 /* SecondViewController.m */ = {isa = PBXFileReference; lastKnownFileType = sourcecode.c.objc; path = SecondViewController.m; sourceTree = "<group>"; };
		846336131A0082710022FD39 /* Base */ = {isa = PBXFileReference; lastKnownFileType = file.storyboard; name = Base; path = Base.lproj/Main.storyboard; sourceTree = "<group>"; };
		846336151A0082710022FD39 /* Images.xcassets */ = {isa = PBXFileReference; lastKnownFileType = folder.assetcatalog; path = Images.xcassets; sourceTree = "<group>"; };
		846336181A0082710022FD39 /* Base */ = {isa = PBXFileReference; lastKnownFileType = file.xib; name = Base; path = Base.lproj/LaunchScreen.xib; sourceTree = "<group>"; };
		8463361E1A0082710022FD39 /* customerDataTests.xctest */ = {isa = PBXFileReference; explicitFileType = wrapper.cfbundle; includeInIndex = 0; path = customerDataTests.xctest; sourceTree = BUILT_PRODUCTS_DIR; };
		846336231A0082710022FD39 /* Info.plist */ = {isa = PBXFileReference; lastKnownFileType = text.plist.xml; path = Info.plist; sourceTree = "<group>"; };
		846336241A0082710022FD39 /* customerDataTests.m */ = {isa = PBXFileReference; lastKnownFileType = sourcecode.c.objc; path = customerDataTests.m; sourceTree = "<group>"; };
/* End PBXFileReference section */

/* Begin PBXFrameworksBuildPhase section */
		846335FF1A0082710022FD39 /* Frameworks */ = {
			isa = PBXFrameworksBuildPhase;
			buildActionMask = 2147483647;
			files = (
			);
			runOnlyForDeploymentPostprocessing = 0;
		};
		8463361B1A0082710022FD39 /* Frameworks */ = {
			isa = PBXFrameworksBuildPhase;
			buildActionMask = 2147483647;
			files = (
			);
			runOnlyForDeploymentPostprocessing = 0;
		};
/* End PBXFrameworksBuildPhase section */

/* Begin PBXGroup section */
		846335F91A0082710022FD39 = {
			isa = PBXGroup;
			children = (
				846336041A0082710022FD39 /* customerData */,
				846336211A0082710022FD39 /* customerDataTests */,
				846336031A0082710022FD39 /* Products */,
			);
			sourceTree = "<group>";
		};
		846336031A0082710022FD39 /* Products */ = {
			isa = PBXGroup;
			children = (
				846336021A0082710022FD39 /* customerData.app */,
				8463361E1A0082710022FD39 /* customerDataTests.xctest */,
			);
			name = Products;
			sourceTree = "<group>";
		};
		846336041A0082710022FD39 /* customerData */ = {
			isa = PBXGroup;
			children = (
				846336091A0082710022FD39 /* AppDelegate.h */,
				8463360A1A0082710022FD39 /* AppDelegate.m */,
				8463360C1A0082710022FD39 /* FirstViewController.h */,
				8463360D1A0082710022FD39 /* FirstViewController.m */,
				8463360F1A0082710022FD39 /* SecondViewController.h */,
				846336101A0082710022FD39 /* SecondViewController.m */,
				846336121A0082710022FD39 /* Main.storyboard */,
				846336151A0082710022FD39 /* Images.xcassets */,
				846336171A0082710022FD39 /* LaunchScreen.xib */,
				846336051A0082710022FD39 /* Supporting Files */,
			);
			path = customerData;
			sourceTree = "<group>";
		};
		846336051A0082710022FD39 /* Supporting Files */ = {
			isa = PBXGroup;
			children = (
				846336061A0082710022FD39 /* Info.plist */,
				846336071A0082710022FD39 /* main.m */,
			);
			name = "Supporting Files";
			sourceTree = "<group>";
		};
		846336211A0082710022FD39 /* customerDataTests */ = {
			isa = PBXGroup;
			children = (
				846336241A0082710022FD39 /* customerDataTests.m */,
				846336221A0082710022FD39 /* Supporting Files */,
			);
			path = customerDataTests;
			sourceTree = "<group>";
		};
		846336221A0082710022FD39 /* Supporting Files */ = {
			isa = PBXGroup;
			children = (
				846336231A0082710022FD39 /* Info.plist */,
			);
			name = "Supporting Files";
			sourceTree = "<group>";
		};
/* End PBXGroup section */

/* Begin PBXNativeTarget section */
		846336011A0082710022FD39 /* customerData */ = {
			isa = PBXNativeTarget;
			buildConfigurationList = 846336281A0082710022FD39 /* Build configuration list for PBXNativeTarget "customerData" */;
			buildPhases = (
				846335FE1A0082710022FD39 /* Sources */,
				846335FF1A0082710022FD39 /* Frameworks */,
				846336001A0082710022FD39 /* Resources */,
			);
			buildRules = (
			);
			dependencies = (
			);
			name = customerData;
			productName = customerData;
			productReference = 846336021A0082710022FD39 /* customerData.app */;
			productType = "com.apple.product-type.application";
		};
		8463361D1A0082710022FD39 /* customerDataTests */ = {
			isa = PBXNativeTarget;
			buildConfigurationList = 8463362B1A0082710022FD39 /* Build configuration list for PBXNativeTarget "customerDataTests" */;
			buildPhases = (
				8463361A1A0082710022FD39 /* Sources */,
				8463361B1A0082710022FD39 /* Frameworks */,
				8463361C1A0082710022FD39 /* Resources */,
			);
			buildRules = (
			);
			dependencies = (
				846336201A0082710022FD39 /* PBXTargetDependency */,
			);
			name = customerDataTests;
			productName = customerDataTests;
			productReference = 8463361E1A0082710022FD39 /* customerDataTests.xctest */;
			productType = "com.apple.product-type.bundle.unit-test";
		};
/* End PBXNativeTarget section */

/* Begin PBXProject section */
		846335FA1A0082710022FD39 /* Project object */ = {
			isa = PBXProject;
			attributes = {
				LastUpgradeCheck = 0600;
				ORGANIZATIONNAME = Admin;
				TargetAttributes = {
					846336011A0082710022FD39 = {
						CreatedOnToolsVersion = 6.0.1;
					};
					8463361D1A0082710022FD39 = {
						CreatedOnToolsVersion = 6.0.1;
						TestTargetID = 846336011A0082710022FD39;
					};
				};
			};
			buildConfigurationList = 846335FD1A0082710022FD39 /* Build configuration list for PBXProject "customerData" */;
			compatibilityVersion = "Xcode 3.2";
			developmentRegion = English;
			hasScannedForEncodings = 0;
			knownRegions = (
				en,
				Base,
			);
			mainGroup = 846335F91A0082710022FD39;
			productRefGroup = 846336031A0082710022FD39 /* Products */;
			projectDirPath = "";
			projectRoot = "";
			targets = (
				846336011A0082710022FD39 /* customerData */,
				8463361D1A0082710022FD39 /* customerDataTests */,
			);
		};
/* End PBXProject section */

/* Begin PBXResourcesBuildPhase section */
		846336001A0082710022FD39 /* Resources */ = {
			isa = PBXResourcesBuildPhase;
			buildActionMask = 2147483647;
			files = (
				846336141A0082710022FD39 /* Main.storyboard in Resources */,
				846336191A0082710022FD39 /* LaunchScreen.xib in Resources */,
				846336161A0082710022FD39 /* Images.xcassets in Resources */,
			);
			runOnlyForDeploymentPostprocessing = 0;
		};
		8463361C1A0082710022FD39 /* Resources */ = {
			isa = PBXResourcesBuildPhase;
			buildActionMask = 2147483647;
			files = (
			);
			runOnlyForDeploymentPostprocessing = 0;
		};
/* End PBXResourcesBuildPhase section */

/* Begin PBXSourcesBuildPhase section */
		846335FE1A0082710022FD39 /* Sources */ = {
			isa = PBXSourcesBuildPhase;
			buildActionMask = 2147483647;
			files = (
				846336111A0082710022FD39 /* SecondViewController.m in Sources */,
				8463360B1A0082710022FD39 /* AppDelegate.m in Sources */,
				8463360E1A0082710022FD39 /* FirstViewController.m in Sources */,
				846336081A0082710022FD39 /* main.m in Sources */,
			);
			runOnlyForDeploymentPostprocessing = 0;
		};
		8463361A1A0082710022FD39 /* Sources */ = {
			isa = PBXSourcesBuildPhase;
			buildActionMask = 2147483647;
			files = (
				846336251A0082710022FD39 /* customerDataTests.m in Sources */,
			);
			runOnlyForDeploymentPostprocessing = 0;
		};
/* End PBXSourcesBuildPhase section */

/* Begin PBXTargetDependency section */
		846336201A0082710022FD39 /* PBXTargetDependency */ = {
			isa = PBXTargetDependency;
			target = 846336011A0082710022FD39 /* customerData */;
			targetProxy = 8463361F1A0082710022FD39 /* PBXContainerItemProxy */;
		};
/* End PBXTargetDependency section */

/* Begin PBXVariantGroup section */
		846336121A0082710022FD39 /* Main.storyboard */ = {
			isa = PBXVariantGroup;
			children = (
				846336131A0082710022FD39 /* Base */,
			);
			name = Main.storyboard;
			sourceTree = "<group>";
		};
		846336171A0082710022FD39 /* LaunchScreen.xib */ = {
			isa = PBXVariantGroup;
			children = (
				846336181A0082710022FD39 /* Base */,
			);
			name = LaunchScreen.xib;
			sourceTree = "<group>";
		};
/* End PBXVariantGroup section */

/* Begin XCBuildConfiguration section */
		846336261A0082710022FD39 /* Debug */ = {
			isa = XCBuildConfiguration;
			buildSettings = {
				ALWAYS_SEARCH_USER_PATHS = NO;
				CLANG_CXX_LANGUAGE_STANDARD = "gnu++0x";
				CLANG_CXX_LIBRARY = "libc++";
				CLANG_ENABLE_MODULES = YES;
				CLANG_ENABLE_OBJC_ARC = YES;
				CLANG_WARN_BOOL_CONVERSION = YES;
				CLANG_WARN_CONSTANT_CONVERSION = YES;
				CLANG_WARN_DIRECT_OBJC_ISA_USAGE = YES_ERROR;
				CLANG_WARN_EMPTY_BODY = YES;
				CLANG_WARN_ENUM_CONVERSION = YES;
				CLANG_WARN_INT_CONVERSION = YES;
				CLANG_WARN_OBJC_ROOT_CLASS = YES_ERROR;
				CLANG_WARN_UNREACHABLE_CODE = YES;
				CLANG_WARN__DUPLICATE_METHOD_MATCH = YES;
				"CODE_SIGN_IDENTITY[sdk=iphoneos*]" = "iPhone Developer";
				COPY_PHASE_STRIP = NO;
				ENABLE_STRICT_OBJC_MSGSEND = YES;
				GCC_C_LANGUAGE_STANDARD = gnu99;
				GCC_DYNAMIC_NO_PIC = NO;
				GCC_OPTIMIZATION_LEVEL = 0;
				GCC_PREPROCESSOR_DEFINITIONS = (
					"DEBUG=1",
					"$(inherited)",
				);
				GCC_SYMBOLS_PRIVATE_EXTERN = NO;
				GCC_WARN_64_TO_32_BIT_CONVERSION = YES;
				GCC_WARN_ABOUT_RETURN_TYPE = YES_ERROR;
				GCC_WARN_UNDECLARED_SELECTOR = YES;
				GCC_WARN_UNINITIALIZED_AUTOS = YES_AGGRESSIVE;
				GCC_WARN_UNUSED_FUNCTION = YES;
				GCC_WARN_UNUSED_VARIABLE = YES;
				IPHONEOS_DEPLOYMENT_TARGET = 8.0;
				MTL_ENABLE_DEBUG_INFO = YES;
				ONLY_ACTIVE_ARCH = YES;
				SDKROOT = iphoneos;
			};
			name = Debug;
		};
		846336271A0082710022FD39 /* Release */ = {
			isa = XCBuildConfiguration;
			buildSettings = {
				ALWAYS_SEARCH_USER_PATHS = NO;
				CLANG_CXX_LANGUAGE_STANDARD = "gnu++0x";
				CLANG_CXX_LIBRARY = "libc++";
				CLANG_ENABLE_MODULES = YES;
				CLANG_ENABLE_OBJC_ARC = YES;
				CLANG_WARN_BOOL_CONVERSION = YES;
				CLANG_WARN_CONSTANT_CONVERSION = YES;
				CLANG_WARN_DIRECT_OBJC_ISA_USAGE = YES_ERROR;
				CLANG_WARN_EMPTY_BODY = YES;
				CLANG_WARN_ENUM_CONVERSION = YES;
				CLANG_WARN_INT_CONVERSION = YES;
				CLANG_WARN_OBJC_ROOT_CLASS = YES_ERROR;
				CLANG_WARN_UNREACHABLE_CODE = YES;
				CLANG_WARN__DUPLICATE_METHOD_MATCH = YES;
				"CODE_SIGN_IDENTITY[sdk=iphoneos*]" = "iPhone Developer";
				COPY_PHASE_STRIP = YES;
				ENABLE_NS_ASSERTIONS = NO;
				ENABLE_STRICT_OBJC_MSGSEND = YES;
				GCC_C_LANGUAGE_STANDARD = gnu99;
				GCC_WARN_64_TO_32_BIT_CONVERSION = YES;
				GCC_WARN_ABOUT_RETURN_TYPE = YES_ERROR;
				GCC_WARN_UNDECLARED_SELECTOR = YES;
				GCC_WARN_UNINITIALIZED_AUTOS = YES_AGGRESSIVE;
				GCC_WARN_UNUSED_FUNCTION = YES;
				GCC_WARN_UNUSED_VARIABLE = YES;
				IPHONEOS_DEPLOYMENT_TARGET = 8.0;
				MTL_ENABLE_DEBUG_INFO = NO;
				SDKROOT = iphoneos;
				VALIDATE_PRODUCT = YES;
			};
			name = Release;
		};
		846336291A0082710022FD39 /* Debug */ = {
			isa = XCBuildConfiguration;
			buildSettings = {
				ASSETCATALOG_COMPILER_APPICON_NAME = AppIcon;
				INFOPLIST_FILE = customerData/Info.plist;
				LD_RUNPATH_SEARCH_PATHS = "$(inherited) @executable_path/Frameworks";
				PRODUCT_NAME = "$(TARGET_NAME)";
			};
			name = Debug;
		};
		8463362A1A0082710022FD39 /* Release */ = {
			isa = XCBuildConfiguration;
			buildSettings = {
				ASSETCATALOG_COMPILER_APPICON_NAME = AppIcon;
				INFOPLIST_FILE = customerData/Info.plist;
				LD_RUNPATH_SEARCH_PATHS = "$(inherited) @executable_path/Frameworks";
				PRODUCT_NAME = "$(TARGET_NAME)";
			};
			name = Release;
		};
		8463362C1A0082710022FD39 /* Debug */ = {
			isa = XCBuildConfiguration;
			buildSettings = {
				BUNDLE_LOADER = "$(TEST_HOST)";
				FRAMEWORK_SEARCH_PATHS = (
					"$(SDKROOT)/Developer/Library/Frameworks",
					"$(inherited)",
				);
				GCC_PREPROCESSOR_DEFINITIONS = (
					"DEBUG=1",
					"$(inherited)",
				);
				INFOPLIST_FILE = customerDataTests/Info.plist;
				LD_RUNPATH_SEARCH_PATHS = "$(inherited) @executable_path/Frameworks @loader_path/Frameworks";
				PRODUCT_NAME = "$(TARGET_NAME)";
				TEST_HOST = "$(BUILT_PRODUCTS_DIR)/customerData.app/customerData";
			};
			name = Debug;
		};
		8463362D1A0082710022FD39 /* Release */ = {
			isa = XCBuildConfiguration;
			buildSettings = {
				BUNDLE_LOADER = "$(TEST_HOST)";
				FRAMEWORK_SEARCH_PATHS = (
					"$(SDKROOT)/Developer/Library/Frameworks",
					"$(inherited)",
				);
				INFOPLIST_FILE = customerDataTests/Info.plist;
				LD_RUNPATH_SEARCH_PATHS = "$(inherited) @executable_path/Frameworks @loader_path/Frameworks";
				PRODUCT_NAME = "$(TARGET_NAME)";
				TEST_HOST = "$(BUILT_PRODUCTS_DIR)/customerData.app/customerData";
			};
			name = Release;
		};
/* End XCBuildConfiguration section */

/* Begin XCConfigurationList section */
		846335FD1A0082710022FD39 /* Build configuration list for PBXProject "customerData" */ = {
			isa = XCConfigurationList;
			buildConfigurations = (
				846336261A0082710022FD39 /* Debug */,
				846336271A0082710022FD39 /* Release */,
			);
			defaultConfigurationIsVisible = 0;
			defaultConfigurationName = Release;
		};
		846336281A0082710022FD39 /* Build configuration list for PBXNativeTarget "customerData" */ = {
			isa = XCConfigurationList;
			buildConfigurations = (
				846336291A0082710022FD39 /* Debug */,
				8463362A1A0082710022FD39 /* Release */,
			);
			defaultConfigurationIsVisible = 0;
		};
		8463362B1A0082710022FD39 /* Build configuration list for PBXNativeTarget "customerDataTests" */ = {
			isa = XCConfigurationList;
			buildConfigurations = (
				8463362C1A0082710022FD39 /* Debug */,
				8463362D1A0082710022FD39 /* Release */,
			);
			defaultConfigurationIsVisible = 0;
		};
/* End XCConfigurationList section */
	};
	rootObject = 846335FA1A0082710022FD39 /* Project object */;
}
